// !$*UTF8*$!
{
	archiveVersion = 1;
	classes = {
	};
	objectVersion = 48;
	objects = {

/* Begin PBXBuildFile section */
		5AAFB8402075D01800E852A6 /* AppDelegate.swift in Sources */ = {isa = PBXBuildFile; fileRef = 5AAFB83F2075D01800E852A6 /* AppDelegate.swift */; };
		5AAFB8422075D01800E852A6 /* ViewController.swift in Sources */ = {isa = PBXBuildFile; fileRef = 5AAFB8412075D01800E852A6 /* ViewController.swift */; };
		5AAFB8452075D01800E852A6 /* Main.storyboard in Resources */ = {isa = PBXBuildFile; fileRef = 5AAFB8432075D01800E852A6 /* Main.storyboard */; };
		5AAFB8472075D01800E852A6 /* Assets.xcassets in Resources */ = {isa = PBXBuildFile; fileRef = 5AAFB8462075D01800E852A6 /* Assets.xcassets */; };
		5AAFB84A2075D01800E852A6 /* LaunchScreen.storyboard in Resources */ = {isa = PBXBuildFile; fileRef = 5AAFB8482075D01800E852A6 /* LaunchScreen.storyboard */; };
		5AAFB8552075D01800E852A6 /* PhotoListUnitTestTests.swift in Sources */ = {isa = PBXBuildFile; fileRef = 5AAFB8542075D01800E852A6 /* PhotoListUnitTestTests.swift */; };
		5AAFB8602075D01800E852A6 /* PhotoListUnitTestUITests.swift in Sources */ = {isa = PBXBuildFile; fileRef = 5AAFB85F2075D01800E852A6 /* PhotoListUnitTestUITests.swift */; };
/* End PBXBuildFile section */

/* Begin PBXContainerItemProxy section */
		5AAFB8512075D01800E852A6 /* PBXContainerItemProxy */ = {
			isa = PBXContainerItemProxy;
			containerPortal = 5AAFB8342075D01700E852A6 /* Project object */;
			proxyType = 1;
			remoteGlobalIDString = 5AAFB83B2075D01800E852A6;
			remoteInfo = PhotoListUnitTest;
		};
		5AAFB85C2075D01800E852A6 /* PBXContainerItemProxy */ = {
			isa = PBXContainerItemProxy;
			containerPortal = 5AAFB8342075D01700E852A6 /* Project object */;
			proxyType = 1;
			remoteGlobalIDString = 5AAFB83B2075D01800E852A6;
			remoteInfo = PhotoListUnitTest;
		};
/* End PBXContainerItemProxy section */

/* Begin PBXFileReference section */
		5AAFB83C2075D01800E852A6 /* PhotoListUnitTest.app */ = {isa = PBXFileReference; explicitFileType = wrapper.application; includeInIndex = 0; path = PhotoListUnitTest.app; sourceTree = BUILT_PRODUCTS_DIR; };
		5AAFB83F2075D01800E852A6 /* AppDelegate.swift */ = {isa = PBXFileReference; lastKnownFileType = sourcecode.swift; path = AppDelegate.swift; sourceTree = "<group>"; };
		5AAFB8412075D01800E852A6 /* ViewController.swift */ = {isa = PBXFileReference; lastKnownFileType = sourcecode.swift; path = ViewController.swift; sourceTree = "<group>"; };
		5AAFB8442075D01800E852A6 /* Base */ = {isa = PBXFileReference; lastKnownFileType = file.storyboard; name = Base; path = Base.lproj/Main.storyboard; sourceTree = "<group>"; };
		5AAFB8462075D01800E852A6 /* Assets.xcassets */ = {isa = PBXFileReference; lastKnownFileType = folder.assetcatalog; path = Assets.xcassets; sourceTree = "<group>"; };
		5AAFB8492075D01800E852A6 /* Base */ = {isa = PBXFileReference; lastKnownFileType = file.storyboard; name = Base; path = Base.lproj/LaunchScreen.storyboard; sourceTree = "<group>"; };
		5AAFB84B2075D01800E852A6 /* Info.plist */ = {isa = PBXFileReference; lastKnownFileType = text.plist.xml; path = Info.plist; sourceTree = "<group>"; };
		5AAFB8502075D01800E852A6 /* PhotoListUnitTestTests.xctest */ = {isa = PBXFileReference; explicitFileType = wrapper.cfbundle; includeInIndex = 0; path = PhotoListUnitTestTests.xctest; sourceTree = BUILT_PRODUCTS_DIR; };
		5AAFB8542075D01800E852A6 /* PhotoListUnitTestTests.swift */ = {isa = PBXFileReference; lastKnownFileType = sourcecode.swift; path = PhotoListUnitTestTests.swift; sourceTree = "<group>"; };
		5AAFB8562075D01800E852A6 /* Info.plist */ = {isa = PBXFileReference; lastKnownFileType = text.plist.xml; path = Info.plist; sourceTree = "<group>"; };
		5AAFB85B2075D01800E852A6 /* PhotoListUnitTestUITests.xctest */ = {isa = PBXFileReference; explicitFileType = wrapper.cfbundle; includeInIndex = 0; path = PhotoListUnitTestUITests.xctest; sourceTree = BUILT_PRODUCTS_DIR; };
		5AAFB85F2075D01800E852A6 /* PhotoListUnitTestUITests.swift */ = {isa = PBXFileReference; lastKnownFileType = sourcecode.swift; path = PhotoListUnitTestUITests.swift; sourceTree = "<group>"; };
		5AAFB8612075D01800E852A6 /* Info.plist */ = {isa = PBXFileReference; lastKnownFileType = text.plist.xml; path = Info.plist; sourceTree = "<group>"; };
/* End PBXFileReference section */

/* Begin PBXFrameworksBuildPhase section */
		5AAFB8392075D01800E852A6 /* Frameworks */ = {
			isa = PBXFrameworksBuildPhase;
			buildActionMask = 2147483647;
			files = (
			);
			runOnlyForDeploymentPostprocessing = 0;
		};
		5AAFB84D2075D01800E852A6 /* Frameworks */ = {
			isa = PBXFrameworksBuildPhase;
			buildActionMask = 2147483647;
			files = (
			);
			runOnlyForDeploymentPostprocessing = 0;
		};
		5AAFB8582075D01800E852A6 /* Frameworks */ = {
			isa = PBXFrameworksBuildPhase;
			buildActionMask = 2147483647;
			files = (
			);
			runOnlyForDeploymentPostprocessing = 0;
		};
/* End PBXFrameworksBuildPhase section */

/* Begin PBXGroup section */
		5AAFB8332075D01700E852A6 = {
			isa = PBXGroup;
			children = (
				5AAFB83E2075D01800E852A6 /* PhotoListUnitTest */,
				5AAFB8532075D01800E852A6 /* PhotoListUnitTestTests */,
				5AAFB85E2075D01800E852A6 /* PhotoListUnitTestUITests */,
				5AAFB83D2075D01800E852A6 /* Products */,
			);
			sourceTree = "<group>";
		};
		5AAFB83D2075D01800E852A6 /* Products */ = {
			isa = PBXGroup;
			children = (
				5AAFB83C2075D01800E852A6 /* PhotoListUnitTest.app */,
				5AAFB8502075D01800E852A6 /* PhotoListUnitTestTests.xctest */,
				5AAFB85B2075D01800E852A6 /* PhotoListUnitTestUITests.xctest */,
			);
			name = Products;
			sourceTree = "<group>";
		};
		5AAFB83E2075D01800E852A6 /* PhotoListUnitTest */ = {
			isa = PBXGroup;
			children = (
				5AAFB83F2075D01800E852A6 /* AppDelegate.swift */,
				5AAFB8412075D01800E852A6 /* ViewController.swift */,
				5AAFB8432075D01800E852A6 /* Main.storyboard */,
				5AAFB8462075D01800E852A6 /* Assets.xcassets */,
				5AAFB8482075D01800E852A6 /* LaunchScreen.storyboard */,
				5AAFB84B2075D01800E852A6 /* Info.plist */,
			);
			path = PhotoListUnitTest;
			sourceTree = "<group>";
		};
		5AAFB8532075D01800E852A6 /* PhotoListUnitTestTests */ = {
			isa = PBXGroup;
			children = (
				5AAFB8542075D01800E852A6 /* PhotoListUnitTestTests.swift */,
				5AAFB8562075D01800E852A6 /* Info.plist */,
			);
			path = PhotoListUnitTestTests;
			sourceTree = "<group>";
		};
		5AAFB85E2075D01800E852A6 /* PhotoListUnitTestUITests */ = {
			isa = PBXGroup;
			children = (
				5AAFB85F2075D01800E852A6 /* PhotoListUnitTestUITests.swift */,
				5AAFB8612075D01800E852A6 /* Info.plist */,
			);
			path = PhotoListUnitTestUITests;
			sourceTree = "<group>";
		};
/* End PBXGroup section */

/* Begin PBXNativeTarget section */
		5AAFB83B2075D01800E852A6 /* PhotoListUnitTest */ = {
			isa = PBXNativeTarget;
			buildConfigurationList = 5AAFB8642075D01800E852A6 /* Build configuration list for PBXNativeTarget "PhotoListUnitTest" */;
			buildPhases = (
				5AAFB8382075D01800E852A6 /* Sources */,
				5AAFB8392075D01800E852A6 /* Frameworks */,
				5AAFB83A2075D01800E852A6 /* Resources */,
			);
			buildRules = (
			);
			dependencies = (
			);
			name = PhotoListUnitTest;
			productName = PhotoListUnitTest;
			productReference = 5AAFB83C2075D01800E852A6 /* PhotoListUnitTest.app */;
			productType = "com.apple.product-type.application";
		};
		5AAFB84F2075D01800E852A6 /* PhotoListUnitTestTests */ = {
			isa = PBXNativeTarget;
			buildConfigurationList = 5AAFB8672075D01800E852A6 /* Build configuration list for PBXNativeTarget "PhotoListUnitTestTests" */;
			buildPhases = (
				5AAFB84C2075D01800E852A6 /* Sources */,
				5AAFB84D2075D01800E852A6 /* Frameworks */,
				5AAFB84E2075D01800E852A6 /* Resources */,
			);
			buildRules = (
			);
			dependencies = (
				5AAFB8522075D01800E852A6 /* PBXTargetDependency */,
			);
			name = PhotoListUnitTestTests;
			productName = PhotoListUnitTestTests;
			productReference = 5AAFB8502075D01800E852A6 /* PhotoListUnitTestTests.xctest */;
			productType = "com.apple.product-type.bundle.unit-test";
		};
		5AAFB85A2075D01800E852A6 /* PhotoListUnitTestUITests */ = {
			isa = PBXNativeTarget;
			buildConfigurationList = 5AAFB86A2075D01800E852A6 /* Build configuration list for PBXNativeTarget "PhotoListUnitTestUITests" */;
			buildPhases = (
				5AAFB8572075D01800E852A6 /* Sources */,
				5AAFB8582075D01800E852A6 /* Frameworks */,
				5AAFB8592075D01800E852A6 /* Resources */,
			);
			buildRules = (
			);
			dependencies = (
				5AAFB85D2075D01800E852A6 /* PBXTargetDependency */,
			);
			name = PhotoListUnitTestUITests;
			productName = PhotoListUnitTestUITests;
			productReference = 5AAFB85B2075D01800E852A6 /* PhotoListUnitTestUITests.xctest */;
			productType = "com.apple.product-type.bundle.ui-testing";
		};
/* End PBXNativeTarget section */

/* Begin PBXProject section */
		5AAFB8342075D01700E852A6 /* Project object */ = {
			isa = PBXProject;
			attributes = {
				LastSwiftUpdateCheck = 0920;
				LastUpgradeCheck = 0920;
				ORGANIZATIONNAME = "Huy Ngo";
				TargetAttributes = {
					5AAFB83B2075D01800E852A6 = {
						CreatedOnToolsVersion = 9.2;
						ProvisioningStyle = Automatic;
					};
					5AAFB84F2075D01800E852A6 = {
						CreatedOnToolsVersion = 9.2;
						ProvisioningStyle = Automatic;
						TestTargetID = 5AAFB83B2075D01800E852A6;
					};
					5AAFB85A2075D01800E852A6 = {
						CreatedOnToolsVersion = 9.2;
						ProvisioningStyle = Automatic;
						TestTargetID = 5AAFB83B2075D01800E852A6;
					};
				};
			};
			buildConfigurationList = 5AAFB8372075D01700E852A6 /* Build configuration list for PBXProject "PhotoListUnitTest" */;
			compatibilityVersion = "Xcode 8.0";
			developmentRegion = en;
			hasScannedForEncodings = 0;
			knownRegions = (
				en,
				Base,
			);
			mainGroup = 5AAFB8332075D01700E852A6;
			productRefGroup = 5AAFB83D2075D01800E852A6 /* Products */;
			projectDirPath = "";
			projectRoot = "";
			targets = (
				5AAFB83B2075D01800E852A6 /* PhotoListUnitTest */,
				5AAFB84F2075D01800E852A6 /* PhotoListUnitTestTests */,
				5AAFB85A2075D01800E852A6 /* PhotoListUnitTestUITests */,
			);
		};
/* End PBXProject section */

/* Begin PBXResourcesBuildPhase section */
		5AAFB83A2075D01800E852A6 /* Resources */ = {
			isa = PBXResourcesBuildPhase;
			buildActionMask = 2147483647;
			files = (
				5AAFB84A2075D01800E852A6 /* LaunchScreen.storyboard in Resources */,
				5AAFB8472075D01800E852A6 /* Assets.xcassets in Resources */,
				5AAFB8452075D01800E852A6 /* Main.storyboard in Resources */,
			);
			runOnlyForDeploymentPostprocessing = 0;
		};
		5AAFB84E2075D01800E852A6 /* Resources */ = {
			isa = PBXResourcesBuildPhase;
			buildActionMask = 2147483647;
			files = (
			);
			runOnlyForDeploymentPostprocessing = 0;
		};
		5AAFB8592075D01800E852A6 /* Resources */ = {
			isa = PBXResourcesBuildPhase;
			buildActionMask = 2147483647;
			files = (
			);
			runOnlyForDeploymentPostprocessing = 0;
		};
/* End PBXResourcesBuildPhase section */

/* Begin PBXSourcesBuildPhase section */
		5AAFB8382075D01800E852A6 /* Sources */ = {
			isa = PBXSourcesBuildPhase;
			buildActionMask = 2147483647;
			files = (
				5AAFB8422075D01800E852A6 /* ViewController.swift in Sources */,
				5AAFB8402075D01800E852A6 /* AppDelegate.swift in Sources */,
			);
			runOnlyForDeploymentPostprocessing = 0;
		};
		5AAFB84C2075D01800E852A6 /* Sources */ = {
			isa = PBXSourcesBuildPhase;
			buildActionMask = 2147483647;
			files = (
				5AAFB8552075D01800E852A6 /* PhotoListUnitTestTests.swift in Sources */,
			);
			runOnlyForDeploymentPostprocessing = 0;
		};
		5AAFB8572075D01800E852A6 /* Sources */ = {
			isa = PBXSourcesBuildPhase;
			buildActionMask = 2147483647;
			files = (
				5AAFB8602075D01800E852A6 /* PhotoListUnitTestUITests.swift in Sources */,
			);
			runOnlyForDeploymentPostprocessing = 0;
		};
/* End PBXSourcesBuildPhase section */

/* Begin PBXTargetDependency section */
		5AAFB8522075D01800E852A6 /* PBXTargetDependency */ = {
			isa = PBXTargetDependency;
			target = 5AAFB83B2075D01800E852A6 /* PhotoListUnitTest */;
			targetProxy = 5AAFB8512075D01800E852A6 /* PBXContainerItemProxy */;
		};
		5AAFB85D2075D01800E852A6 /* PBXTargetDependency */ = {
			isa = PBXTargetDependency;
			target = 5AAFB83B2075D01800E852A6 /* PhotoListUnitTest */;
			targetProxy = 5AAFB85C2075D01800E852A6 /* PBXContainerItemProxy */;
		};
/* End PBXTargetDependency section */

/* Begin PBXVariantGroup section */
		5AAFB8432075D01800E852A6 /* Main.storyboard */ = {
			isa = PBXVariantGroup;
			children = (
				5AAFB8442075D01800E852A6 /* Base */,
			);
			name = Main.storyboard;
			sourceTree = "<group>";
		};
		5AAFB8482075D01800E852A6 /* LaunchScreen.storyboard */ = {
			isa = PBXVariantGroup;
			children = (
				5AAFB8492075D01800E852A6 /* Base */,
			);
			name = LaunchScreen.storyboard;
			sourceTree = "<group>";
		};
/* End PBXVariantGroup section */

/* Begin XCBuildConfiguration section */
		5AAFB8622075D01800E852A6 /* Debug */ = {
			isa = XCBuildConfiguration;
			buildSettings = {
				ALWAYS_SEARCH_USER_PATHS = NO;
				CLANG_ANALYZER_NONNULL = YES;
				CLANG_ANALYZER_NUMBER_OBJECT_CONVERSION = YES_AGGRESSIVE;
				CLANG_CXX_LANGUAGE_STANDARD = "gnu++14";
				CLANG_CXX_LIBRARY = "libc++";
				CLANG_ENABLE_MODULES = YES;
				CLANG_ENABLE_OBJC_ARC = YES;
				CLANG_WARN_BLOCK_CAPTURE_AUTORELEASING = YES;
				CLANG_WARN_BOOL_CONVERSION = YES;
				CLANG_WARN_COMMA = YES;
				CLANG_WARN_CONSTANT_CONVERSION = YES;
				CLANG_WARN_DIRECT_OBJC_ISA_USAGE = YES_ERROR;
				CLANG_WARN_DOCUMENTATION_COMMENTS = YES;
				CLANG_WARN_EMPTY_BODY = YES;
				CLANG_WARN_ENUM_CONVERSION = YES;
				CLANG_WARN_INFINITE_RECURSION = YES;
				CLANG_WARN_INT_CONVERSION = YES;
				CLANG_WARN_NON_LITERAL_NULL_CONVERSION = YES;
				CLANG_WARN_OBJC_LITERAL_CONVERSION = YES;
				CLANG_WARN_OBJC_ROOT_CLASS = YES_ERROR;
				CLANG_WARN_RANGE_LOOP_ANALYSIS = YES;
				CLANG_WARN_STRICT_PROTOTYPES = YES;
				CLANG_WARN_SUSPICIOUS_MOVE = YES;
				CLANG_WARN_UNGUARDED_AVAILABILITY = YES_AGGRESSIVE;
				CLANG_WARN_UNREACHABLE_CODE = YES;
				CLANG_WARN__DUPLICATE_METHOD_MATCH = YES;
				CODE_SIGN_IDENTITY = "iPhone Developer";
				COPY_PHASE_STRIP = NO;
				DEBUG_INFORMATION_FORMAT = dwarf;
				ENABLE_STRICT_OBJC_MSGSEND = YES;
				ENABLE_TESTABILITY = YES;
				GCC_C_LANGUAGE_STANDARD = gnu11;
				GCC_DYNAMIC_NO_PIC = NO;
				GCC_NO_COMMON_BLOCKS = YES;
				GCC_OPTIMIZATION_LEVEL = 0;
				GCC_PREPROCESSOR_DEFINITIONS = (
					"DEBUG=1",
					"$(inherited)",
				);
				GCC_WARN_64_TO_32_BIT_CONVERSION = YES;
				GCC_WARN_ABOUT_RETURN_TYPE = YES_ERROR;
				GCC_WARN_UNDECLARED_SELECTOR = YES;
				GCC_WARN_UNINITIALIZED_AUTOS = YES_AGGRESSIVE;
				GCC_WARN_UNUSED_FUNCTION = YES;
				GCC_WARN_UNUSED_VARIABLE = YES;
				IPHONEOS_DEPLOYMENT_TARGET = 11.2;
				MTL_ENABLE_DEBUG_INFO = YES;
				ONLY_ACTIVE_ARCH = YES;
				SDKROOT = iphoneos;
				SWIFT_ACTIVE_COMPILATION_CONDITIONS = DEBUG;
				SWIFT_OPTIMIZATION_LEVEL = "-Onone";
			};
			name = Debug;
		};
		5AAFB8632075D01800E852A6 /* Release */ = {
			isa = XCBuildConfiguration;
			buildSettings = {
				ALWAYS_SEARCH_USER_PATHS = NO;
				CLANG_ANALYZER_NONNULL = YES;
				CLANG_ANALYZER_NUMBER_OBJECT_CONVERSION = YES_AGGRESSIVE;
				CLANG_CXX_LANGUAGE_STANDARD = "gnu++14";
				CLANG_CXX_LIBRARY = "libc++";
				CLANG_ENABLE_MODULES = YES;
				CLANG_ENABLE_OBJC_ARC = YES;
				CLANG_WARN_BLOCK_CAPTURE_AUTORELEASING = YES;
				CLANG_WARN_BOOL_CONVERSION = YES;
				CLANG_WARN_COMMA = YES;
				CLANG_WARN_CONSTANT_CONVERSION = YES;
				CLANG_WARN_DIRECT_OBJC_ISA_USAGE = YES_ERROR;
				CLANG_WARN_DOCUMENTATION_COMMENTS = YES;
				CLANG_WARN_EMPTY_BODY = YES;
				CLANG_WARN_ENUM_CONVERSION = YES;
				CLANG_WARN_INFINITE_RECURSION = YES;
				CLANG_WARN_INT_CONVERSION = YES;
				CLANG_WARN_NON_LITERAL_NULL_CONVERSION = YES;
				CLANG_WARN_OBJC_LITERAL_CONVERSION = YES;
				CLANG_WARN_OBJC_ROOT_CLASS = YES_ERROR;
				CLANG_WARN_RANGE_LOOP_ANALYSIS = YES;
				CLANG_WARN_STRICT_PROTOTYPES = YES;
				CLANG_WARN_SUSPICIOUS_MOVE = YES;
				CLANG_WARN_UNGUARDED_AVAILABILITY = YES_AGGRESSIVE;
				CLANG_WARN_UNREACHABLE_CODE = YES;
				CLANG_WARN__DUPLICATE_METHOD_MATCH = YES;
				CODE_SIGN_IDENTITY = "iPhone Developer";
				COPY_PHASE_STRIP = NO;
				DEBUG_INFORMATION_FORMAT = "dwarf-with-dsym";
				ENABLE_NS_ASSERTIONS = NO;
				ENABLE_STRICT_OBJC_MSGSEND = YES;
				GCC_C_LANGUAGE_STANDARD = gnu11;
				GCC_NO_COMMON_BLOCKS = YES;
				GCC_WARN_64_TO_32_BIT_CONVERSION = YES;
				GCC_WARN_ABOUT_RETURN_TYPE = YES_ERROR;
				GCC_WARN_UNDECLARED_SELECTOR = YES;
				GCC_WARN_UNINITIALIZED_AUTOS = YES_AGGRESSIVE;
				GCC_WARN_UNUSED_FUNCTION = YES;
				GCC_WARN_UNUSED_VARIABLE = YES;
				IPHONEOS_DEPLOYMENT_TARGET = 11.2;
				MTL_ENABLE_DEBUG_INFO = NO;
				SDKROOT = iphoneos;
				SWIFT_OPTIMIZATION_LEVEL = "-Owholemodule";
				VALIDATE_PRODUCT = YES;
			};
			name = Release;
		};
		5AAFB8652075D01800E852A6 /* Debug */ = {
			isa = XCBuildConfiguration;
			buildSettings = {
				ASSETCATALOG_COMPILER_APPICON_NAME = AppIcon;
				CODE_SIGN_STYLE = Automatic;
				DEVELOPMENT_TEAM = 589Z4L567V;
				INFOPLIST_FILE = PhotoListUnitTest/Info.plist;
				LD_RUNPATH_SEARCH_PATHS = "$(inherited) @executable_path/Frameworks";
				PRODUCT_BUNDLE_IDENTIFIER = com.huyngo.PhotoListUnitTest;
				PRODUCT_NAME = "$(TARGET_NAME)";
				SWIFT_VERSION = 4.0;
				TARGETED_DEVICE_FAMILY = "1,2";
			};
			name = Debug;
		};
		5AAFB8662075D01800E852A6 /* Release */ = {
			isa = XCBuildConfiguration;
			buildSettings = {
				ASSETCATALOG_COMPILER_APPICON_NAME = AppIcon;
				CODE_SIGN_STYLE = Automatic;
				DEVELOPMENT_TEAM = 589Z4L567V;
				INFOPLIST_FILE = PhotoListUnitTest/Info.plist;
				LD_RUNPATH_SEARCH_PATHS = "$(inherited) @executable_path/Frameworks";
				PRODUCT_BUNDLE_IDENTIFIER = com.huyngo.PhotoListUnitTest;
				PRODUCT_NAME = "$(TARGET_NAME)";
				SWIFT_VERSION = 4.0;
				TARGETED_DEVICE_FAMILY = "1,2";
			};
			name = Release;
		};
		5AAFB8682075D01800E852A6 /* Debug */ = {
			isa = XCBuildConfiguration;
			buildSettings = {
				ALWAYS_EMBED_SWIFT_STANDARD_LIBRARIES = YES;
				BUNDLE_LOADER = "$(TEST_HOST)";
				CODE_SIGN_STYLE = Automatic;
				DEVELOPMENT_TEAM = 589Z4L567V;
				INFOPLIST_FILE = PhotoListUnitTestTests/Info.plist;
				LD_RUNPATH_SEARCH_PATHS = "$(inherited) @executable_path/Frameworks @loader_path/Frameworks";
				PRODUCT_BUNDLE_IDENTIFIER = com.huyngo.PhotoListUnitTestTests;
				PRODUCT_NAME = "$(TARGET_NAME)";
				SWIFT_VERSION = 4.0;
				TARGETED_DEVICE_FAMILY = "1,2";
				TEST_HOST = "$(BUILT_PRODUCTS_DIR)/PhotoListUnitTest.app/PhotoListUnitTest";
			};
			name = Debug;
		};
		5AAFB8692075D01800E852A6 /* Release */ = {
			isa = XCBuildConfiguration;
			buildSettings = {
				ALWAYS_EMBED_SWIFT_STANDARD_LIBRARIES = YES;
				BUNDLE_LOADER = "$(TEST_HOST)";
				CODE_SIGN_STYLE = Automatic;
				DEVELOPMENT_TEAM = 589Z4L567V;
				INFOPLIST_FILE = PhotoListUnitTestTests/Info.plist;
				LD_RUNPATH_SEARCH_PATHS = "$(inherited) @executable_path/Frameworks @loader_path/Frameworks";
				PRODUCT_BUNDLE_IDENTIFIER = com.huyngo.PhotoListUnitTestTests;
				PRODUCT_NAME = "$(TARGET_NAME)";
				SWIFT_VERSION = 4.0;
				TARGETED_DEVICE_FAMILY = "1,2";
				TEST_HOST = "$(BUILT_PRODUCTS_DIR)/PhotoListUnitTest.app/PhotoListUnitTest";
			};
			name = Release;
		};
		5AAFB86B2075D01800E852A6 /* Debug */ = {
			isa = XCBuildConfiguration;
			buildSettings = {
				ALWAYS_EMBED_SWIFT_STANDARD_LIBRARIES = YES;
				CODE_SIGN_STYLE = Automatic;
				DEVELOPMENT_TEAM = 589Z4L567V;
				INFOPLIST_FILE = PhotoListUnitTestUITests/Info.plist;
				LD_RUNPATH_SEARCH_PATHS = "$(inherited) @executable_path/Frameworks @loader_path/Frameworks";
				PRODUCT_BUNDLE_IDENTIFIER = com.huyngo.PhotoListUnitTestUITests;
				PRODUCT_NAME = "$(TARGET_NAME)";
				SWIFT_VERSION = 4.0;
				TARGETED_DEVICE_FAMILY = "1,2";
				TEST_TARGET_NAME = PhotoListUnitTest;
			};
			name = Debug;
		};
		5AAFB86C2075D01800E852A6 /* Release */ = {
			isa = XCBuildConfiguration;
			buildSettings = {
				ALWAYS_EMBED_SWIFT_STANDARD_LIBRARIES = YES;
				CODE_SIGN_STYLE = Automatic;
				DEVELOPMENT_TEAM = 589Z4L567V;
				INFOPLIST_FILE = PhotoListUnitTestUITests/Info.plist;
				LD_RUNPATH_SEARCH_PATHS = "$(inherited) @executable_path/Frameworks @loader_path/Frameworks";
				PRODUCT_BUNDLE_IDENTIFIER = com.huyngo.PhotoListUnitTestUITests;
				PRODUCT_NAME = "$(TARGET_NAME)";
				SWIFT_VERSION = 4.0;
				TARGETED_DEVICE_FAMILY = "1,2";
				TEST_TARGET_NAME = PhotoListUnitTest;
			};
			name = Release;
		};
/* End XCBuildConfiguration section */

/* Begin XCConfigurationList section */
		5AAFB8372075D01700E852A6 /* Build configuration list for PBXProject "PhotoListUnitTest" */ = {
			isa = XCConfigurationList;
			buildConfigurations = (
				5AAFB8622075D01800E852A6 /* Debug */,
				5AAFB8632075D01800E852A6 /* Release */,
			);
			defaultConfigurationIsVisible = 0;
			defaultConfigurationName = Release;
		};
		5AAFB8642075D01800E852A6 /* Build configuration list for PBXNativeTarget "PhotoListUnitTest" */ = {
			isa = XCConfigurationList;
			buildConfigurations = (
				5AAFB8652075D01800E852A6 /* Debug */,
				5AAFB8662075D01800E852A6 /* Release */,
			);
			defaultConfigurationIsVisible = 0;
			defaultConfigurationName = Release;
		};
		5AAFB8672075D01800E852A6 /* Build configuration list for PBXNativeTarget "PhotoListUnitTestTests" */ = {
			isa = XCConfigurationList;
			buildConfigurations = (
				5AAFB8682075D01800E852A6 /* Debug */,
				5AAFB8692075D01800E852A6 /* Release */,
			);
			defaultConfigurationIsVisible = 0;
			defaultConfigurationName = Release;
		};
		5AAFB86A2075D01800E852A6 /* Build configuration list for PBXNativeTarget "PhotoListUnitTestUITests" */ = {
			isa = XCConfigurationList;
			buildConfigurations = (
				5AAFB86B2075D01800E852A6 /* Debug */,
				5AAFB86C2075D01800E852A6 /* Release */,
			);
			defaultConfigurationIsVisible = 0;
			defaultConfigurationName = Release;
		};
/* End XCConfigurationList section */
	};
	rootObject = 5AAFB8342075D01700E852A6 /* Project object */;
}
